<?xml version="1.0" encoding="utf-8"?>
<Project ToolsVersion="4.0" xmlns="http://schemas.microsoft.com/developer/msbuild/2003">
  <ItemGroup>
    <Filter Include="源文件">
      <UniqueIdentifier>{4FC737F1-C7A5-4376-A066-2A32D752A2FF}</UniqueIdentifier>
      <Extensions>cpp;c;cc;cxx;c++;cppm;ixx;def;odl;idl;hpj;bat;asm;asmx</Extensions>
    </Filter>
    <Filter Include="头文件">
      <UniqueIdentifier>{93995380-89BD-4b04-88EB-625FBE52EBFB}</UniqueIdentifier>
      <Extensions>h;hh;hpp;hxx;h++;hm;inl;inc;ipp;xsd</Extensions>
    </Filter>
    <Filter Include="资源文件">
      <UniqueIdentifier>{67DA6AB6-F800-4c08-8B7A-83BB121AAD01}</UniqueIdentifier>
      <Extensions>rc;ico;cur;bmp;dlg;rc2;rct;bin;rgs;gif;jpg;jpeg;jpe;resx;tiff;tif;png;wav;mfcribbon-ms</Extensions>
    </Filter>
  </ItemGroup>
  <ItemGroup>
    <ClCompile Include="DataSturcturePractice.cpp">
      <Filter>源文件</Filter>
    </ClCompile>
    <ClCompile Include="chapter01.cpp">
      <Filter>源文件</Filter>
    </ClCompile>
    <ClCompile Include="LNode.cpp">
      <Filter>源文件</Filter>
    </ClCompile>
    <ClCompile Include="GNode.cpp">
      <Filter>源文件</Filter>
    </ClCompile>
    <ClCompile Include="MyStack.cpp">
      <Filter>源文件</Filter>
    </ClCompile>
    <ClCompile Include="MyQueue.cpp">
      <Filter>源文件</Filter>
    </ClCompile>
    <ClCompile Include="Polyn.cpp">
      <Filter>源文件</Filter>
    </ClCompile>
    <ClCompile Include="BinTree.cpp">
      <Filter>源文件</Filter>
    </ClCompile>
    <ClCompile Include="MaxHeapNode.cpp">
      <Filter>源文件</Filter>
    </ClCompile>
    <ClCompile Include="HFTreeNode.cpp">
      <Filter>源文件</Filter>
    </ClCompile>
    <ClCompile Include="BinTreeNode.cpp">
      <Filter>源文件</Filter>
    </ClCompile>
    <ClCompile Include="SetType.cpp">
      <Filter>源文件</Filter>
    </ClCompile>
    <ClCompile Include="regex_practice.cpp">
      <Filter>源文件</Filter>
    </ClCompile>
    <ClCompile Include="UnionFindSet.cpp">
      <Filter>源文件</Filter>
    </ClCompile>
    <ClCompile Include="Heap.cpp">
      <Filter>源文件</Filter>
    </ClCompile>
    <ClCompile Include="TreePractice.cpp">
      <Filter>源文件</Filter>
    </ClCompile>
    <ClCompile Include="Sort.cpp">
      <Filter>源文件</Filter>
    </ClCompile>
    <ClCompile Include="HashTable.cpp">
      <Filter>源文件</Filter>
    </ClCompile>
  </ItemGroup>
  <ItemGroup>
    <ClInclude Include="chapter01.hpp">
      <Filter>头文件</Filter>
    </ClInclude>
    <ClInclude Include="LNode.h">
      <Filter>头文件</Filter>
    </ClInclude>
    <ClInclude Include="GNode.hpp">
      <Filter>头文件</Filter>
    </ClInclude>
    <ClInclude Include="MyStack.hpp">
      <Filter>头文件</Filter>
    </ClInclude>
    <ClInclude Include="MyQueue.hpp">
      <Filter>头文件</Filter>
    </ClInclude>
    <ClInclude Include="Polyn.h">
      <Filter>头文件</Filter>
    </ClInclude>
    <ClInclude Include="BinTree.hpp">
      <Filter>头文件</Filter>
    </ClInclude>
    <ClInclude Include="MaxHeapNode.hpp">
      <Filter>头文件</Filter>
    </ClInclude>
    <ClInclude Include="HFTreeNode.h">
      <Filter>头文件</Filter>
    </ClInclude>
    <ClInclude Include="BinTreeNode.h">
      <Filter>头文件</Filter>
    </ClInclude>
    <ClInclude Include="SetType.h">
      <Filter>头文件</Filter>
    </ClInclude>
    <ClInclude Include="UnionFindSet.hpp">
      <Filter>头文件</Filter>
    </ClInclude>
    <ClInclude Include="Heap.hpp">
      <Filter>头文件</Filter>
    </ClInclude>
    <ClInclude Include="TreePractice.h">
      <Filter>头文件</Filter>
    </ClInclude>
    <ClInclude Include="Sort.h">
      <Filter>头文件</Filter>
    </ClInclude>
    <ClInclude Include="HashTable.h">
      <Filter>头文件</Filter>
    </ClInclude>
  </ItemGroup>
</Project>